
Microsoft Visual Studio Solution File, Format Version 12.00
# Visual Studio Version 17
VisualStudioVersion = 17.3.32825.248
MinimumVisualStudioVersion = 10.0.40219.1
Project("{FAE04EC0-301F-11D3-BF4B-00C04F79EFBC}") = "PW_6", "PW_6.csproj", "{208962C7-9B0C-4A92-95DB-8EA60836B4B5}"
EndProject
Global
	GlobalSection(SolutionConfigurationPlatforms) = preSolution
		Debug|Any CPU = Debug|Any CPU
		Release|Any CPU = Release|Any CPU
	EndGlobalSection
	GlobalSection(ProjectConfigurationPlatforms) = postSolution
		{208962C7-9B0C-4A92-95DB-8EA60836B4B5}.Debug|Any CPU.ActiveCfg = Debug|Any CPU
		{208962C7-9B0C-4A92-95DB-8EA60836B4B5}.Debug|Any CPU.Build.0 = Debug|Any CPU
		{208962C7-9B0C-4A92-95DB-8EA60836B4B5}.Release|Any CPU.ActiveCfg = Release|Any CPU
		{208962C7-9B0C-4A92-95DB-8EA60836B4B5}.Release|Any CPU.Build.0 = Release|Any CPU
	EndGlobalSection
	GlobalSection(SolutionProperties) = preSolution
		HideSolutionNode = FALSE
	EndGlobalSection
	GlobalSection(ExtensibilityGlobals) = postSolution
		SolutionGuid = {B0C19BDD-272E-4C4B-B9F2-9A013FBDF43E}
	EndGlobalSection
EndGlobal
